
Microsoft Visual Studio Solution File, Format Version 12.00
# Visual Studio Version 17
VisualStudioVersion = 17.10.35013.160
MinimumVisualStudioVersion = 10.0.40219.1
Project("{9A19103F-16F7-4668-BE54-9A1E7A4F7556}") = "BankAccountTransactions.Domain", "BankAccountTransactions.Domain\BankAccountTransactions.Domain.csproj", "{F3C7416A-9FED-4554-B9E6-40B0ED2F1B48}"
EndProject
Project("{9A19103F-16F7-4668-BE54-9A1E7A4F7556}") = "BankAccountTransactions.Data", "BankAccountTransactions.Data\BankAccountTransactions.Data.csproj", "{46A5FF52-63C5-4766-B7F9-8B927F9346AF}"
EndProject
Project("{9A19103F-16F7-4668-BE54-9A1E7A4F7556}") = "BankAccountTransactions.API", "BankAccountTransactions.API\BankAccountTransactions.API.csproj", "{D8B128B5-2F2A-468C-BF9B-A90C3C576E4E}"
EndProject
Project("{FAE04EC0-301F-11D3-BF4B-00C04F79EFBC}") = "BankAccountTransactions.Application", "BankAccountTransactions.Application\BankAccountTransactions.Application.csproj", "{DE248FC1-798E-4776-B45A-5E6B488DE5B4}"
EndProject
Project("{FAE04EC0-301F-11D3-BF4B-00C04F79EFBC}") = "BankAccountTransactions.Test", "BankAccountTransactions.Test\BankAccountTransactions.Test.csproj", "{2BD10C94-8307-4E48-8A78-87D2B74E69D7}"
EndProject
Global
	GlobalSection(SolutionConfigurationPlatforms) = preSolution
		Debug|Any CPU = Debug|Any CPU
		Release|Any CPU = Release|Any CPU
	EndGlobalSection
	GlobalSection(ProjectConfigurationPlatforms) = postSolution
		{F3C7416A-9FED-4554-B9E6-40B0ED2F1B48}.Debug|Any CPU.ActiveCfg = Debug|Any CPU
		{F3C7416A-9FED-4554-B9E6-40B0ED2F1B48}.Debug|Any CPU.Build.0 = Debug|Any CPU
		{F3C7416A-9FED-4554-B9E6-40B0ED2F1B48}.Release|Any CPU.ActiveCfg = Release|Any CPU
		{F3C7416A-9FED-4554-B9E6-40B0ED2F1B48}.Release|Any CPU.Build.0 = Release|Any CPU
		{46A5FF52-63C5-4766-B7F9-8B927F9346AF}.Debug|Any CPU.ActiveCfg = Debug|Any CPU
		{46A5FF52-63C5-4766-B7F9-8B927F9346AF}.Debug|Any CPU.Build.0 = Debug|Any CPU
		{46A5FF52-63C5-4766-B7F9-8B927F9346AF}.Release|Any CPU.ActiveCfg = Release|Any CPU
		{46A5FF52-63C5-4766-B7F9-8B927F9346AF}.Release|Any CPU.Build.0 = Release|Any CPU
		{D8B128B5-2F2A-468C-BF9B-A90C3C576E4E}.Debug|Any CPU.ActiveCfg = Debug|Any CPU
		{D8B128B5-2F2A-468C-BF9B-A90C3C576E4E}.Debug|Any CPU.Build.0 = Debug|Any CPU
		{D8B128B5-2F2A-468C-BF9B-A90C3C576E4E}.Release|Any CPU.ActiveCfg = Release|Any CPU
		{D8B128B5-2F2A-468C-BF9B-A90C3C576E4E}.Release|Any CPU.Build.0 = Release|Any CPU
		{DE248FC1-798E-4776-B45A-5E6B488DE5B4}.Debug|Any CPU.ActiveCfg = Debug|Any CPU
		{DE248FC1-798E-4776-B45A-5E6B488DE5B4}.Debug|Any CPU.Build.0 = Debug|Any CPU
		{DE248FC1-798E-4776-B45A-5E6B488DE5B4}.Release|Any CPU.ActiveCfg = Release|Any CPU
		{DE248FC1-798E-4776-B45A-5E6B488DE5B4}.Release|Any CPU.Build.0 = Release|Any CPU
		{2BD10C94-8307-4E48-8A78-87D2B74E69D7}.Debug|Any CPU.ActiveCfg = Debug|Any CPU
		{2BD10C94-8307-4E48-8A78-87D2B74E69D7}.Debug|Any CPU.Build.0 = Debug|Any CPU
		{2BD10C94-8307-4E48-8A78-87D2B74E69D7}.Release|Any CPU.ActiveCfg = Release|Any CPU
		{2BD10C94-8307-4E48-8A78-87D2B74E69D7}.Release|Any CPU.Build.0 = Release|Any CPU
	EndGlobalSection
	GlobalSection(SolutionProperties) = preSolution
		HideSolutionNode = FALSE
	EndGlobalSection
	GlobalSection(ExtensibilityGlobals) = postSolution
		SolutionGuid = {1FBD6EED-58C4-4624-9287-1466503809AF}
	EndGlobalSection
EndGlobal
